<?xml version="1.0" encoding="utf-8"?>
<Project ToolsVersion="4.0" xmlns="http://schemas.microsoft.com/developer/msbuild/2003">
  <ItemGroup>
    <Filter Include="Resources">
      <UniqueIdentifier>{67DA6AB6-F800-4c08-8B7A-83BB121AAD01}</UniqueIdentifier>
      <Extensions>rc;ico;cur;bmp;dlg;rc2;rct;bin;rgs;gif;jpg;jpeg;jpe;resx;tiff;tif;png;wav;mfcribbon-ms</Extensions>
    </Filter>
    <Filter Include="Source Files">
      <UniqueIdentifier>{4FC737F1-C7A5-4376-A066-2A32D752A2FF}</UniqueIdentifier>
      <Extensions>cpp;c;cc;cxx;c++;def;odl;idl;hpj;bat;asm;asmx</Extensions>
    </Filter>
    <Filter Include="Header Files">
      <UniqueIdentifier>{93995380-89BD-4b04-88EB-625FBE52EBFB}</UniqueIdentifier>
      <Extensions>h;hh;hpp;hxx;h++;hm;inl;inc;ipp;xsd</Extensions>
    </Filter>
  </ItemGroup>
  <ItemGroup>
    <ClInclude Include="Core.h">
      <Filter>Header Files</Filter>
    </ClInclude>
    <ClInclude Include="Filters.h">
      <Filter>Header Files</Filter>
    </ClInclude>
    <ClInclude Include="Functions.h">
      <Filter>Header Files</Filter>
    </ClInclude>
    <ClInclude Include="Tasks.h">
      <Filter>Header Files</Filter>
    </ClInclude>
    <ClInclude Include="Timer.h">
      <Filter>Header Files</Filter>
    </ClInclude>
    <ClInclude Include="Util.h">
      <Filter>Header Files</Filter>
    </ClInclude>
  </ItemGroup>
  <ItemGroup>
    <Text Include="README.txt">
      <Filter>Resources</Filter>
    </Text>
  </ItemGroup>
  <ItemGroup>
    <ClCompile Include="Core.cpp">
      <Filter>Source Files</Filter>
    </ClCompile>
    <ClCompile Include="Filters.cpp">
      <Filter>Source Files</Filter>
    </ClCompile>
    <ClCompile Include="Func_C.cpp">
      <Filter>Source Files</Filter>
    </ClCompile>
    <ClCompile Include="Func_SIMD.cpp">
      <Filter>Source Files</Filter>
    </ClCompile>
    <ClCompile Include="Main.cpp">
      <Filter>Source Files</Filter>
    </ClCompile>
    <ClCompile Include="Task_Addition.cpp">
      <Filter>Source Files</Filter>
    </ClCompile>
    <ClCompile Include="Task_Convolution.cpp">
      <Filter>Source Files</Filter>
    </ClCompile>
    <ClCompile Include="Task_Flipping.cpp">
      <Filter>Source Files</Filter>
    </ClCompile>
    <ClCompile Include="Task_Inversion.cpp">
      <Filter>Source Files</Filter>
    </ClCompile>
    <ClCompile Include="Task_MedianFilter.cpp">
      <Filter>Source Files</Filter>
    </ClCompile>
    <ClCompile Include="Task_Scaling.cpp">
      <Filter>Source Files</Filter>
    </ClCompile>
    <ClCompile Include="Task_SobelFilter.cpp">
      <Filter>Source Files</Filter>
    </ClCompile>
    <ClCompile Include="Task_Transposition.cpp">
      <Filter>Source Files</Filter>
    </ClCompile>
    <ClCompile Include="Timer.cpp">
      <Filter>Source Files</Filter>
    </ClCompile>
  </ItemGroup>
</Project>